
Microsoft Visual Studio Solution File, Format Version 12.00
# Visual Studio Version 17
VisualStudioVersion = 17.14.36429.23
MinimumVisualStudioVersion = 10.0.40219.1
Project("{FAE04EC0-301F-11D3-BF4B-00C04F79EFBC}") = "Vention.API", "Vention.API\Vention.API.csproj", "{2B000728-0715-495B-8BD0-FEFD9D421E13}"
EndProject
Project("{2150E333-8FDC-42A3-9474-1A3956D46DE8}") = "src", "src", "{02EA681E-C7D8-13C7-8484-4AC65E1B71E8}"
EndProject
Project("{2150E333-8FDC-42A3-9474-1A3956D46DE8}") = "Core", "Core", "{4FD5FF72-E19C-4E07-AAB6-C73C97ACC8A9}"
EndProject
Project("{2150E333-8FDC-42A3-9474-1A3956D46DE8}") = "Presentation", "Presentation", "{6895AC18-994E-4B88-AA57-6FCAE899CDE9}"
EndProject
Project("{FAE04EC0-301F-11D3-BF4B-00C04F79EFBC}") = "Vention.Application", "Vention.Application\Vention.Application.csproj", "{BAF0EECC-BD9A-4BE4-9420-5FFC0753882D}"
EndProject
Project("{FAE04EC0-301F-11D3-BF4B-00C04F79EFBC}") = "Vention.Domain", "Vention.Domain\Vention.Domain.csproj", "{46AF8EB0-30D0-44C8-B990-830C93D3009A}"
EndProject
Project("{FAE04EC0-301F-11D3-BF4B-00C04F79EFBC}") = "Vention.Application.Tests", "Vention.Application.Tests\Vention.Application.Tests.csproj", "{C472AAEE-C67E-48CC-B03E-9AA9E6B3A3B4}"
EndProject
Project("{2150E333-8FDC-42A3-9474-1A3956D46DE8}") = "Tests", "Tests", "{7900BA0F-C150-4D4B-B6A8-9FBBFC2DCB84}"
EndProject
Project("{2150E333-8FDC-42A3-9474-1A3956D46DE8}") = "Solution Items", "Solution Items", "{8EC462FD-D22E-90A8-E5CE-7E832BA40C5D}"
	ProjectSection(SolutionItems) = preProject
		.dockerignore = .dockerignore
		.editorconfig = .editorconfig
		.env = .env
		.env.example = .env.example
		.gitignore = .gitignore
		compose.yml = compose.yml
		Directory.Build.props = Directory.Build.props
		README.md = README.md
	EndProjectSection
EndProject
Project("{2150E333-8FDC-42A3-9474-1A3956D46DE8}") = "infrastructure", "infrastructure", "{29228CAC-2B26-47D3-8B32-3ACEA04C02F2}"
EndProject
Project("{FAE04EC0-301F-11D3-BF4B-00C04F79EFBC}") = "Vention.Infrastructure", "Vention.Infrastructure\Vention.Infrastructure.csproj", "{97144169-65FA-4499-843F-E97F0476D27C}"
EndProject
Project("{FAE04EC0-301F-11D3-BF4B-00C04F79EFBC}") = "Vention.Worker", "Vention.Worker\Vention.Worker.csproj", "{902C646B-5BD3-4ED5-B616-857744ED7C77}"
EndProject
Project("{FAE04EC0-301F-11D3-BF4B-00C04F79EFBC}") = "ApiGateway", "ApiGateway\ApiGateway.csproj", "{9E31C6F3-3BC2-4C9D-B723-D8C678B03EB5}"
EndProject
Project("{FAE04EC0-301F-11D3-BF4B-00C04F79EFBC}") = "Vention.Processor", "Vention.Processor\Vention.Processor.csproj", "{FB1498EB-733C-470E-A10D-B6A76E6EE194}"
EndProject
Project("{FAE04EC0-301F-11D3-BF4B-00C04F79EFBC}") = "Vention.Observability", "Vention.Observability\Vention.Observability.csproj", "{1F372A2A-DA3C-4804-8C6A-62A90A071132}"
EndProject
Project("{FAE04EC0-301F-11D3-BF4B-00C04F79EFBC}") = "Vention.StressTests", "Vention.StressTests\Vention.StressTests.csproj", "{EDA9863F-8AEC-4CFC-AE98-39906AB15792}"
EndProject
Project("{FAE04EC0-301F-11D3-BF4B-00C04F79EFBC}") = "Vention.Presentation.Common", "Vention.Presentation.Common\Vention.Presentation.Common.csproj", "{0DE51411-FD30-4C14-89C8-7AD977462E45}"
EndProject
Project("{FAE04EC0-301F-11D3-BF4B-00C04F79EFBC}") = "Vention.GraphQL", "Vention.GraphQL\Vention.GraphQL.csproj", "{4D68E4CB-2277-48D4-A92C-702A03975407}"
EndProject
Project("{2150E333-8FDC-42A3-9474-1A3956D46DE8}") = "nginx", "nginx", "{7DC0AC2B-29FD-4690-B30A-B63F1FF033B6}"
	ProjectSection(SolutionItems) = preProject
		nginx\nginx.conf = nginx\nginx.conf
		nginx\proxy.conf = nginx\proxy.conf
		nginx\ssl\vention.crt = nginx\ssl\vention.crt
		nginx\ssl\vention.key = nginx\ssl\vention.key
	EndProjectSection
EndProject
Project("{2150E333-8FDC-42A3-9474-1A3956D46DE8}") = "github", "github", "{21C2F1C8-73FA-49AF-91CB-64D822651702}"
EndProject
Project("{2150E333-8FDC-42A3-9474-1A3956D46DE8}") = "workflows", "workflows", "{F12A56A2-2304-427A-84B2-ABB1A8B81A9B}"
	ProjectSection(SolutionItems) = preProject
		.github\workflows\ci.yml = .github\workflows\ci.yml
		deploy.yml = deploy.yml
	EndProjectSection
EndProject
Global
	GlobalSection(SolutionConfigurationPlatforms) = preSolution
		Debug|Any CPU = Debug|Any CPU
		Release|Any CPU = Release|Any CPU
	EndGlobalSection
	GlobalSection(ProjectConfigurationPlatforms) = postSolution
		{2B000728-0715-495B-8BD0-FEFD9D421E13}.Debug|Any CPU.ActiveCfg = Debug|Any CPU
		{2B000728-0715-495B-8BD0-FEFD9D421E13}.Debug|Any CPU.Build.0 = Debug|Any CPU
		{2B000728-0715-495B-8BD0-FEFD9D421E13}.Release|Any CPU.ActiveCfg = Release|Any CPU
		{2B000728-0715-495B-8BD0-FEFD9D421E13}.Release|Any CPU.Build.0 = Release|Any CPU
		{BAF0EECC-BD9A-4BE4-9420-5FFC0753882D}.Debug|Any CPU.ActiveCfg = Debug|Any CPU
		{BAF0EECC-BD9A-4BE4-9420-5FFC0753882D}.Debug|Any CPU.Build.0 = Debug|Any CPU
		{BAF0EECC-BD9A-4BE4-9420-5FFC0753882D}.Release|Any CPU.ActiveCfg = Release|Any CPU
		{BAF0EECC-BD9A-4BE4-9420-5FFC0753882D}.Release|Any CPU.Build.0 = Release|Any CPU
		{46AF8EB0-30D0-44C8-B990-830C93D3009A}.Debug|Any CPU.ActiveCfg = Debug|Any CPU
		{46AF8EB0-30D0-44C8-B990-830C93D3009A}.Debug|Any CPU.Build.0 = Debug|Any CPU
		{46AF8EB0-30D0-44C8-B990-830C93D3009A}.Release|Any CPU.ActiveCfg = Release|Any CPU
		{46AF8EB0-30D0-44C8-B990-830C93D3009A}.Release|Any CPU.Build.0 = Release|Any CPU
		{C472AAEE-C67E-48CC-B03E-9AA9E6B3A3B4}.Debug|Any CPU.ActiveCfg = Debug|Any CPU
		{C472AAEE-C67E-48CC-B03E-9AA9E6B3A3B4}.Debug|Any CPU.Build.0 = Debug|Any CPU
		{C472AAEE-C67E-48CC-B03E-9AA9E6B3A3B4}.Release|Any CPU.ActiveCfg = Release|Any CPU
		{C472AAEE-C67E-48CC-B03E-9AA9E6B3A3B4}.Release|Any CPU.Build.0 = Release|Any CPU
		{97144169-65FA-4499-843F-E97F0476D27C}.Debug|Any CPU.ActiveCfg = Debug|Any CPU
		{97144169-65FA-4499-843F-E97F0476D27C}.Debug|Any CPU.Build.0 = Debug|Any CPU
		{97144169-65FA-4499-843F-E97F0476D27C}.Release|Any CPU.ActiveCfg = Release|Any CPU
		{97144169-65FA-4499-843F-E97F0476D27C}.Release|Any CPU.Build.0 = Release|Any CPU
		{902C646B-5BD3-4ED5-B616-857744ED7C77}.Debug|Any CPU.ActiveCfg = Debug|Any CPU
		{902C646B-5BD3-4ED5-B616-857744ED7C77}.Debug|Any CPU.Build.0 = Debug|Any CPU
		{902C646B-5BD3-4ED5-B616-857744ED7C77}.Release|Any CPU.ActiveCfg = Release|Any CPU
		{902C646B-5BD3-4ED5-B616-857744ED7C77}.Release|Any CPU.Build.0 = Release|Any CPU
		{9E31C6F3-3BC2-4C9D-B723-D8C678B03EB5}.Debug|Any CPU.ActiveCfg = Debug|Any CPU
		{9E31C6F3-3BC2-4C9D-B723-D8C678B03EB5}.Debug|Any CPU.Build.0 = Debug|Any CPU
		{9E31C6F3-3BC2-4C9D-B723-D8C678B03EB5}.Release|Any CPU.ActiveCfg = Release|Any CPU
		{9E31C6F3-3BC2-4C9D-B723-D8C678B03EB5}.Release|Any CPU.Build.0 = Release|Any CPU
		{FB1498EB-733C-470E-A10D-B6A76E6EE194}.Debug|Any CPU.ActiveCfg = Debug|Any CPU
		{FB1498EB-733C-470E-A10D-B6A76E6EE194}.Debug|Any CPU.Build.0 = Debug|Any CPU
		{FB1498EB-733C-470E-A10D-B6A76E6EE194}.Release|Any CPU.ActiveCfg = Release|Any CPU
		{FB1498EB-733C-470E-A10D-B6A76E6EE194}.Release|Any CPU.Build.0 = Release|Any CPU
		{1F372A2A-DA3C-4804-8C6A-62A90A071132}.Debug|Any CPU.ActiveCfg = Debug|Any CPU
		{1F372A2A-DA3C-4804-8C6A-62A90A071132}.Debug|Any CPU.Build.0 = Debug|Any CPU
		{1F372A2A-DA3C-4804-8C6A-62A90A071132}.Release|Any CPU.ActiveCfg = Release|Any CPU
		{1F372A2A-DA3C-4804-8C6A-62A90A071132}.Release|Any CPU.Build.0 = Release|Any CPU
		{EDA9863F-8AEC-4CFC-AE98-39906AB15792}.Debug|Any CPU.ActiveCfg = Debug|Any CPU
		{EDA9863F-8AEC-4CFC-AE98-39906AB15792}.Debug|Any CPU.Build.0 = Debug|Any CPU
		{EDA9863F-8AEC-4CFC-AE98-39906AB15792}.Release|Any CPU.ActiveCfg = Release|Any CPU
		{EDA9863F-8AEC-4CFC-AE98-39906AB15792}.Release|Any CPU.Build.0 = Release|Any CPU
		{0DE51411-FD30-4C14-89C8-7AD977462E45}.Debug|Any CPU.ActiveCfg = Debug|Any CPU
		{0DE51411-FD30-4C14-89C8-7AD977462E45}.Debug|Any CPU.Build.0 = Debug|Any CPU
		{0DE51411-FD30-4C14-89C8-7AD977462E45}.Release|Any CPU.ActiveCfg = Release|Any CPU
		{0DE51411-FD30-4C14-89C8-7AD977462E45}.Release|Any CPU.Build.0 = Release|Any CPU
		{4D68E4CB-2277-48D4-A92C-702A03975407}.Debug|Any CPU.ActiveCfg = Debug|Any CPU
		{4D68E4CB-2277-48D4-A92C-702A03975407}.Debug|Any CPU.Build.0 = Debug|Any CPU
		{4D68E4CB-2277-48D4-A92C-702A03975407}.Release|Any CPU.ActiveCfg = Release|Any CPU
		{4D68E4CB-2277-48D4-A92C-702A03975407}.Release|Any CPU.Build.0 = Release|Any CPU
	EndGlobalSection
	GlobalSection(SolutionProperties) = preSolution
		HideSolutionNode = FALSE
	EndGlobalSection
	GlobalSection(NestedProjects) = preSolution
		{2B000728-0715-495B-8BD0-FEFD9D421E13} = {6895AC18-994E-4B88-AA57-6FCAE899CDE9}
		{4FD5FF72-E19C-4E07-AAB6-C73C97ACC8A9} = {02EA681E-C7D8-13C7-8484-4AC65E1B71E8}
		{6895AC18-994E-4B88-AA57-6FCAE899CDE9} = {02EA681E-C7D8-13C7-8484-4AC65E1B71E8}
		{BAF0EECC-BD9A-4BE4-9420-5FFC0753882D} = {4FD5FF72-E19C-4E07-AAB6-C73C97ACC8A9}
		{46AF8EB0-30D0-44C8-B990-830C93D3009A} = {4FD5FF72-E19C-4E07-AAB6-C73C97ACC8A9}
		{C472AAEE-C67E-48CC-B03E-9AA9E6B3A3B4} = {7900BA0F-C150-4D4B-B6A8-9FBBFC2DCB84}
		{7900BA0F-C150-4D4B-B6A8-9FBBFC2DCB84} = {02EA681E-C7D8-13C7-8484-4AC65E1B71E8}
		{29228CAC-2B26-47D3-8B32-3ACEA04C02F2} = {02EA681E-C7D8-13C7-8484-4AC65E1B71E8}
		{97144169-65FA-4499-843F-E97F0476D27C} = {29228CAC-2B26-47D3-8B32-3ACEA04C02F2}
		{902C646B-5BD3-4ED5-B616-857744ED7C77} = {02EA681E-C7D8-13C7-8484-4AC65E1B71E8}
		{9E31C6F3-3BC2-4C9D-B723-D8C678B03EB5} = {02EA681E-C7D8-13C7-8484-4AC65E1B71E8}
		{FB1498EB-733C-470E-A10D-B6A76E6EE194} = {02EA681E-C7D8-13C7-8484-4AC65E1B71E8}
		{1F372A2A-DA3C-4804-8C6A-62A90A071132} = {02EA681E-C7D8-13C7-8484-4AC65E1B71E8}
		{0DE51411-FD30-4C14-89C8-7AD977462E45} = {6895AC18-994E-4B88-AA57-6FCAE899CDE9}
		{4D68E4CB-2277-48D4-A92C-702A03975407} = {6895AC18-994E-4B88-AA57-6FCAE899CDE9}
		{F12A56A2-2304-427A-84B2-ABB1A8B81A9B} = {21C2F1C8-73FA-49AF-91CB-64D822651702}
	EndGlobalSection
	GlobalSection(ExtensibilityGlobals) = postSolution
		SolutionGuid = {C701A050-877A-4117-804A-EED0D713B8AA}
	EndGlobalSection
EndGlobal
