
Microsoft Visual Studio Solution File, Format Version 12.00
# Visual Studio Version 17
VisualStudioVersion = 17.14.36429.23 d17.14
MinimumVisualStudioVersion = 10.0.40219.1
Project("{FAE04EC0-301F-11D3-BF4B-00C04F79EFBC}") = "Vention.API", "Vention.API\Vention.API.csproj", "{2B000728-0715-495B-8BD0-FEFD9D421E13}"
EndProject
Global
	GlobalSection(SolutionConfigurationPlatforms) = preSolution
		Debug|Any CPU = Debug|Any CPU
		Release|Any CPU = Release|Any CPU
	EndGlobalSection
	GlobalSection(ProjectConfigurationPlatforms) = postSolution
		{2B000728-0715-495B-8BD0-FEFD9D421E13}.Debug|Any CPU.ActiveCfg = Debug|Any CPU
		{2B000728-0715-495B-8BD0-FEFD9D421E13}.Debug|Any CPU.Build.0 = Debug|Any CPU
		{2B000728-0715-495B-8BD0-FEFD9D421E13}.Release|Any CPU.ActiveCfg = Release|Any CPU
		{2B000728-0715-495B-8BD0-FEFD9D421E13}.Release|Any CPU.Build.0 = Release|Any CPU
	EndGlobalSection
	GlobalSection(SolutionProperties) = preSolution
		HideSolutionNode = FALSE
	EndGlobalSection
	GlobalSection(ExtensibilityGlobals) = postSolution
		SolutionGuid = {C701A050-877A-4117-804A-EED0D713B8AA}
	EndGlobalSection
EndGlobal
